{
  "pins" : [
    {
      "identity" : "colortoolbox",
      "kind" : "remoteSourceControl",
      "location" : "https://github.com/raymondjavaxx/ColorToolbox",
      "state" : {
        "revision" : "f5f668df9af9a31a6fee7f514c21992f4ab7384c",
        "version" : "1.1.0"
      }
    }
  ],
  "version" : 2
}
